
Microsoft Visual Studio Solution File, Format Version 12.00
# Visual Studio 14
VisualStudioVersion = 14.0.23107.0
MinimumVisualStudioVersion = 10.0.40219.1
Project("{FAE04EC0-301F-11D3-BF4B-00C04F79EFBC}") = "MarkdownOutline", "MarkdownOutline\MarkdownOutline.csproj", "{D4B73FC8-9ED9-463C-B706-202A0DF047B4}"
EndProject
Project("{FAE04EC0-301F-11D3-BF4B-00C04F79EFBC}") = "MarkdownOutline.Tests", "MarkdownOutline.Tests\MarkdownOutline.Tests.csproj", "{6781777C-6C14-4864-B452-3A9C25AEE8D3}"
EndProject
Global
	GlobalSection(SolutionConfigurationPlatforms) = preSolution
		Debug|Any CPU = Debug|Any CPU
		Release|Any CPU = Release|Any CPU
	EndGlobalSection
	GlobalSection(ProjectConfigurationPlatforms) = postSolution
		{D4B73FC8-9ED9-463C-B706-202A0DF047B4}.Debug|Any CPU.ActiveCfg = Debug|Any CPU
		{D4B73FC8-9ED9-463C-B706-202A0DF047B4}.Debug|Any CPU.Build.0 = Debug|Any CPU
		{D4B73FC8-9ED9-463C-B706-202A0DF047B4}.Release|Any CPU.ActiveCfg = Release|Any CPU
		{D4B73FC8-9ED9-463C-B706-202A0DF047B4}.Release|Any CPU.Build.0 = Release|Any CPU
		{6781777C-6C14-4864-B452-3A9C25AEE8D3}.Debug|Any CPU.ActiveCfg = Debug|Any CPU
		{6781777C-6C14-4864-B452-3A9C25AEE8D3}.Debug|Any CPU.Build.0 = Debug|Any CPU
		{6781777C-6C14-4864-B452-3A9C25AEE8D3}.Release|Any CPU.ActiveCfg = Release|Any CPU
		{6781777C-6C14-4864-B452-3A9C25AEE8D3}.Release|Any CPU.Build.0 = Release|Any CPU
	EndGlobalSection
	GlobalSection(SolutionProperties) = preSolution
		HideSolutionNode = FALSE
	EndGlobalSection
EndGlobal
